
Microsoft Visual Studio Solution File, Format Version 12.00
# Visual Studio Version 16
VisualStudioVersion = 16.0.34031.81
MinimumVisualStudioVersion = 10.0.40219.1
Project("{FAE04EC0-301F-11D3-BF4B-00C04F79EFBC}") = "QuanLiSinhVien", "QuanLiSinhVien\QuanLiSinhVien.csproj", "{224CFDB0-04C1-48CC-AED9-C682A370639D}"
EndProject
Global
	GlobalSection(SolutionConfigurationPlatforms) = preSolution
		Debug|Any CPU = Debug|Any CPU
		Release|Any CPU = Release|Any CPU
	EndGlobalSection
	GlobalSection(ProjectConfigurationPlatforms) = postSolution
		{224CFDB0-04C1-48CC-AED9-C682A370639D}.Debug|Any CPU.ActiveCfg = Debug|Any CPU
		{224CFDB0-04C1-48CC-AED9-C682A370639D}.Debug|Any CPU.Build.0 = Debug|Any CPU
		{224CFDB0-04C1-48CC-AED9-C682A370639D}.Release|Any CPU.ActiveCfg = Release|Any CPU
		{224CFDB0-04C1-48CC-AED9-C682A370639D}.Release|Any CPU.Build.0 = Release|Any CPU
	EndGlobalSection
	GlobalSection(SolutionProperties) = preSolution
		HideSolutionNode = FALSE
	EndGlobalSection
	GlobalSection(ExtensibilityGlobals) = postSolution
		SolutionGuid = {FB612DAF-BAF6-4A67-BBF5-6CF7EE089552}
	EndGlobalSection
EndGlobal
